
Microsoft Visual Studio Solution File, Format Version 12.00
# Visual Studio 15
VisualStudioVersion = 15.0.28307.329
MinimumVisualStudioVersion = 10.0.40219.1
Project("{FAE04EC0-301F-11D3-BF4B-00C04F79EFBC}") = "SmartEducation", "SmartEducation\SmartEducation.csproj", "{F5FC8D44-A26E-454A-87B9-2379333469F9}"
EndProject
Global
	GlobalSection(SolutionConfigurationPlatforms) = preSolution
		Debug|Any CPU = Debug|Any CPU
		Release|Any CPU = Release|Any CPU
	EndGlobalSection
	GlobalSection(ProjectConfigurationPlatforms) = postSolution
		{F5FC8D44-A26E-454A-87B9-2379333469F9}.Debug|Any CPU.ActiveCfg = Debug|Any CPU
		{F5FC8D44-A26E-454A-87B9-2379333469F9}.Debug|Any CPU.Build.0 = Debug|Any CPU
		{F5FC8D44-A26E-454A-87B9-2379333469F9}.Release|Any CPU.ActiveCfg = Release|Any CPU
		{F5FC8D44-A26E-454A-87B9-2379333469F9}.Release|Any CPU.Build.0 = Release|Any CPU
	EndGlobalSection
	GlobalSection(SolutionProperties) = preSolution
		HideSolutionNode = FALSE
	EndGlobalSection
	GlobalSection(ExtensibilityGlobals) = postSolution
		SolutionGuid = {57334E3D-17D2-4746-AAD0-7FF172E1188F}
	EndGlobalSection
EndGlobal
